
Microsoft Visual Studio Solution File, Format Version 12.00
# Visual Studio 14
VisualStudioVersion = 14.0.24720.0
MinimumVisualStudioVersion = 10.0.40219.1
Project("{FAE04EC0-301F-11D3-BF4B-00C04F79EFBC}") = "VoiceChat_Server", "VoiceChat_Server\VoiceChat_Server.csproj", "{CC2302FA-DB63-4AA7-B6F1-357D6AB0300B}"
EndProject
Global
	GlobalSection(SolutionConfigurationPlatforms) = preSolution
		Debug|Any CPU = Debug|Any CPU
		Release|Any CPU = Release|Any CPU
	EndGlobalSection
	GlobalSection(ProjectConfigurationPlatforms) = postSolution
		{CC2302FA-DB63-4AA7-B6F1-357D6AB0300B}.Debug|Any CPU.ActiveCfg = Debug|Any CPU
		{CC2302FA-DB63-4AA7-B6F1-357D6AB0300B}.Debug|Any CPU.Build.0 = Debug|Any CPU
		{CC2302FA-DB63-4AA7-B6F1-357D6AB0300B}.Release|Any CPU.ActiveCfg = Release|Any CPU
		{CC2302FA-DB63-4AA7-B6F1-357D6AB0300B}.Release|Any CPU.Build.0 = Release|Any CPU
	EndGlobalSection
	GlobalSection(SolutionProperties) = preSolution
		HideSolutionNode = FALSE
	EndGlobalSection
EndGlobal
